<?xml version="1.0" encoding="utf-8"?>
<Project ToolsVersion="4.0" xmlns="http://schemas.microsoft.com/developer/msbuild/2003">
  <ItemGroup>
    <Filter Include="Source Files">
      <UniqueIdentifier>{4FC737F1-C7A5-4376-A066-2A32D752A2FF}</UniqueIdentifier>
      <Extensions>cpp;c;cc;cxx;def;odl;idl;hpj;bat;asm;asmx</Extensions>
    </Filter>
    <Filter Include="Header Files">
      <UniqueIdentifier>{93995380-89BD-4b04-88EB-625FBE52EBFB}</UniqueIdentifier>
      <Extensions>h;hh;hpp;hxx;hm;inl;inc;xsd</Extensions>
    </Filter>
    <Filter Include="Resource Files">
      <UniqueIdentifier>{67DA6AB6-F800-4c08-8B7A-83BB121AAD01}</UniqueIdentifier>
      <Extensions>rc;ico;cur;bmp;dlg;rc2;rct;bin;rgs;gif;jpg;jpeg;jpe;resx;tiff;tif;png;wav</Extensions>
    </Filter>
  </ItemGroup>
  <ItemGroup>
    <ClCompile Include="arp.cpp">
      <Filter>Source Files</Filter>
    </ClCompile>
    <ClCompile Include="ArpAppDlg.cpp">
      <Filter>Source Files</Filter>
    </ClCompile>
    <ClCompile Include="ArpLayer.cpp">
      <Filter>Source Files</Filter>
    </ClCompile>
    <ClCompile Include="BaseLayer.cpp">
      <Filter>Source Files</Filter>
    </ClCompile>
    <ClCompile Include="EthernetLayer.cpp">
      <Filter>Source Files</Filter>
    </ClCompile>
    <ClCompile Include="explorer1.cpp">
      <Filter>Source Files</Filter>
    </ClCompile>
    <ClCompile Include="IPLayer.cpp">
      <Filter>Source Files</Filter>
    </ClCompile>
    <ClCompile Include="LayerManager.cpp">
      <Filter>Source Files</Filter>
    </ClCompile>
    <ClCompile Include="NILayer.cpp">
      <Filter>Source Files</Filter>
    </ClCompile>
    <ClCompile Include="PoxyTableDlg.cpp">
      <Filter>Source Files</Filter>
    </ClCompile>
    <ClCompile Include="ProxyDlg.cpp">
      <Filter>Source Files</Filter>
    </ClCompile>
    <ClCompile Include="StdAfx.cpp">
      <Filter>Source Files</Filter>
    </ClCompile>
    <ClCompile Include="chattingfiletransfer_2\arp.cpp">
      <Filter>Source Files</Filter>
    </ClCompile>
    <ClCompile Include="chattingfiletransfer_2\ArpAppDlg.cpp">
      <Filter>Source Files</Filter>
    </ClCompile>
    <ClCompile Include="chattingfiletransfer_2\ArpLayer.cpp">
      <Filter>Source Files</Filter>
    </ClCompile>
    <ClCompile Include="chattingfiletransfer_2\ArpTable.cpp">
      <Filter>Source Files</Filter>
    </ClCompile>
    <ClCompile Include="chattingfiletransfer_2\BaseLayer.cpp">
      <Filter>Source Files</Filter>
    </ClCompile>
    <ClCompile Include="chattingfiletransfer_2\ChatAppLayer.cpp">
      <Filter>Source Files</Filter>
    </ClCompile>
    <ClCompile Include="chattingfiletransfer_2\EthernetLayer.cpp">
      <Filter>Source Files</Filter>
    </ClCompile>
    <ClCompile Include="chattingfiletransfer_2\explorer1.cpp">
      <Filter>Source Files</Filter>
    </ClCompile>
    <ClCompile Include="chattingfiletransfer_2\FileAppLayer.cpp">
      <Filter>Source Files</Filter>
    </ClCompile>
    <ClCompile Include="chattingfiletransfer_2\ipc.cpp">
      <Filter>Source Files</Filter>
    </ClCompile>
    <ClCompile Include="chattingfiletransfer_2\IPCAppDlg.cpp">
      <Filter>Source Files</Filter>
    </ClCompile>
    <ClCompile Include="chattingfiletransfer_2\IPLayer.cpp">
      <Filter>Source Files</Filter>
    </ClCompile>
    <ClCompile Include="chattingfiletransfer_2\LayerManager.cpp">
      <Filter>Source Files</Filter>
    </ClCompile>
    <ClCompile Include="chattingfiletransfer_2\NILayer.cpp">
      <Filter>Source Files</Filter>
    </ClCompile>
    <ClCompile Include="chattingfiletransfer_2\PoxyTableDlg.cpp">
      <Filter>Source Files</Filter>
    </ClCompile>
    <ClCompile Include="chattingfiletransfer_2\ProxyDlg.cpp">
      <Filter>Source Files</Filter>
    </ClCompile>
    <ClCompile Include="chattingfiletransfer_2\StdAfx.cpp">
      <Filter>Source Files</Filter>
    </ClCompile>
    <ClCompile Include="chattingfiletransfer_2\TCPLayer.cpp">
      <Filter>Source Files</Filter>
    </ClCompile>
  </ItemGroup>
  <ItemGroup>
    <ClInclude Include="arp.h">
      <Filter>Header Files</Filter>
    </ClInclude>
    <ClInclude Include="ArpAppDlg.h">
      <Filter>Header Files</Filter>
    </ClInclude>
    <ClInclude Include="ArpLayer.h">
      <Filter>Header Files</Filter>
    </ClInclude>
    <ClInclude Include="BaseLayer.h">
      <Filter>Header Files</Filter>
    </ClInclude>
    <ClInclude Include="EthernetLayer.h">
      <Filter>Header Files</Filter>
    </ClInclude>
    <ClInclude Include="explorer1.h">
      <Filter>Header Files</Filter>
    </ClInclude>
    <ClInclude Include="IPLayer.h">
      <Filter>Header Files</Filter>
    </ClInclude>
    <ClInclude Include="LayerManager.h">
      <Filter>Header Files</Filter>
    </ClInclude>
    <ClInclude Include="NILayer.h">
      <Filter>Header Files</Filter>
    </ClInclude>
    <ClInclude Include="PoxyTableDlg.h">
      <Filter>Header Files</Filter>
    </ClInclude>
    <ClInclude Include="ProxyDlg.h">
      <Filter>Header Files</Filter>
    </ClInclude>
    <ClInclude Include="resource.h">
      <Filter>Header Files</Filter>
    </ClInclude>
    <ClInclude Include="StdAfx.h">
      <Filter>Header Files</Filter>
    </ClInclude>
    <ClInclude Include="chattingfiletransfer_2\arp.h">
      <Filter>Header Files</Filter>
    </ClInclude>
    <ClInclude Include="chattingfiletransfer_2\ArpAppDlg.h">
      <Filter>Header Files</Filter>
    </ClInclude>
    <ClInclude Include="chattingfiletransfer_2\ArpLayer.h">
      <Filter>Header Files</Filter>
    </ClInclude>
    <ClInclude Include="chattingfiletransfer_2\ArpTable.h">
      <Filter>Header Files</Filter>
    </ClInclude>
    <ClInclude Include="chattingfiletransfer_2\BaseLayer.h">
      <Filter>Header Files</Filter>
    </ClInclude>
    <ClInclude Include="chattingfiletransfer_2\ChatAppLayer.h">
      <Filter>Header Files</Filter>
    </ClInclude>
    <ClInclude Include="chattingfiletransfer_2\EthernetLayer.h">
      <Filter>Header Files</Filter>
    </ClInclude>
    <ClInclude Include="chattingfiletransfer_2\explorer1.h">
      <Filter>Header Files</Filter>
    </ClInclude>
    <ClInclude Include="chattingfiletransfer_2\FileAppLayer.h">
      <Filter>Header Files</Filter>
    </ClInclude>
    <ClInclude Include="chattingfiletransfer_2\ipc.h">
      <Filter>Header Files</Filter>
    </ClInclude>
    <ClInclude Include="chattingfiletransfer_2\IPCAppDlg.h">
      <Filter>Header Files</Filter>
    </ClInclude>
    <ClInclude Include="chattingfiletransfer_2\IPLayer.h">
      <Filter>Header Files</Filter>
    </ClInclude>
    <ClInclude Include="chattingfiletransfer_2\LayerManager.h">
      <Filter>Header Files</Filter>
    </ClInclude>
    <ClInclude Include="chattingfiletransfer_2\NILayer.h">
      <Filter>Header Files</Filter>
    </ClInclude>
    <ClInclude Include="chattingfiletransfer_2\PoxyTableDlg.h">
      <Filter>Header Files</Filter>
    </ClInclude>
    <ClInclude Include="chattingfiletransfer_2\ProxyArpLayer.h">
      <Filter>Header Files</Filter>
    </ClInclude>
    <ClInclude Include="chattingfiletransfer_2\ProxyDlg.h">
      <Filter>Header Files</Filter>
    </ClInclude>
    <ClInclude Include="chattingfiletransfer_2\resource.h">
      <Filter>Header Files</Filter>
    </ClInclude>
    <ClInclude Include="chattingfiletransfer_2\StdAfx.h">
      <Filter>Header Files</Filter>
    </ClInclude>
    <ClInclude Include="chattingfiletransfer_2\TCPLayer.h">
      <Filter>Header Files</Filter>
    </ClInclude>
  </ItemGroup>
  <ItemGroup>
    <ResourceCompile Include="ipc.rc">
      <Filter>Resource Files</Filter>
    </ResourceCompile>
    <ResourceCompile Include="chattingfiletransfer_2\ipc.rc">
      <Filter>Resource Files</Filter>
    </ResourceCompile>
  </ItemGroup>
  <ItemGroup>
    <None Include="chattingfiletransfer_2\res\ipc.rc2">
      <Filter>Resource Files</Filter>
    </None>
    <None Include="res\ipc.rc2">
      <Filter>Resource Files</Filter>
    </None>
  </ItemGroup>
</Project>